
Microsoft Visual Studio Solution File, Format Version 12.00
# Visual Studio Version 16
VisualStudioVersion = 16.0.31702.278
MinimumVisualStudioVersion = 10.0.40219.1
Project("{FAE04EC0-301F-11D3-BF4B-00C04F79EFBC}") = "eVoting.App", "eVoting\eVoting.App.csproj", "{336CAA16-DF04-4770-8CBB-35137E36FFA3}"
EndProject
Project("{FAE04EC0-301F-11D3-BF4B-00C04F79EFBC}") = "eVoting.Model", "Model\eVoting.Model.csproj", "{28B1134E-A499-4D05-A0FE-1BB9564A4CB2}"
EndProject
Project("{FAE04EC0-301F-11D3-BF4B-00C04F79EFBC}") = "eVoting.Migration", "eVoting.Migration\eVoting.Migration.csproj", "{7B55E7E1-29A7-4B9A-A649-CC23814E9C4A}"
EndProject
Project("{FAE04EC0-301F-11D3-BF4B-00C04F79EFBC}") = "eVoting.Core", "eVoting.Core\eVoting.Core.csproj", "{427926B5-5597-467E-B902-B55577834D6E}"
EndProject
Global
	GlobalSection(SolutionConfigurationPlatforms) = preSolution
		Debug|Any CPU = Debug|Any CPU
		Release|Any CPU = Release|Any CPU
	EndGlobalSection
	GlobalSection(ProjectConfigurationPlatforms) = postSolution
		{336CAA16-DF04-4770-8CBB-35137E36FFA3}.Debug|Any CPU.ActiveCfg = Debug|Any CPU
		{336CAA16-DF04-4770-8CBB-35137E36FFA3}.Debug|Any CPU.Build.0 = Debug|Any CPU
		{336CAA16-DF04-4770-8CBB-35137E36FFA3}.Release|Any CPU.ActiveCfg = Release|Any CPU
		{336CAA16-DF04-4770-8CBB-35137E36FFA3}.Release|Any CPU.Build.0 = Release|Any CPU
		{28B1134E-A499-4D05-A0FE-1BB9564A4CB2}.Debug|Any CPU.ActiveCfg = Debug|Any CPU
		{28B1134E-A499-4D05-A0FE-1BB9564A4CB2}.Debug|Any CPU.Build.0 = Debug|Any CPU
		{28B1134E-A499-4D05-A0FE-1BB9564A4CB2}.Release|Any CPU.ActiveCfg = Release|Any CPU
		{28B1134E-A499-4D05-A0FE-1BB9564A4CB2}.Release|Any CPU.Build.0 = Release|Any CPU
		{7B55E7E1-29A7-4B9A-A649-CC23814E9C4A}.Debug|Any CPU.ActiveCfg = Debug|Any CPU
		{7B55E7E1-29A7-4B9A-A649-CC23814E9C4A}.Debug|Any CPU.Build.0 = Debug|Any CPU
		{7B55E7E1-29A7-4B9A-A649-CC23814E9C4A}.Release|Any CPU.ActiveCfg = Release|Any CPU
		{7B55E7E1-29A7-4B9A-A649-CC23814E9C4A}.Release|Any CPU.Build.0 = Release|Any CPU
		{427926B5-5597-467E-B902-B55577834D6E}.Debug|Any CPU.ActiveCfg = Debug|Any CPU
		{427926B5-5597-467E-B902-B55577834D6E}.Debug|Any CPU.Build.0 = Debug|Any CPU
		{427926B5-5597-467E-B902-B55577834D6E}.Release|Any CPU.ActiveCfg = Release|Any CPU
		{427926B5-5597-467E-B902-B55577834D6E}.Release|Any CPU.Build.0 = Release|Any CPU
	EndGlobalSection
	GlobalSection(SolutionProperties) = preSolution
		HideSolutionNode = FALSE
	EndGlobalSection
	GlobalSection(ExtensibilityGlobals) = postSolution
		SolutionGuid = {6C10B31A-F993-47B4-AB0C-2E83AB40F954}
	EndGlobalSection
EndGlobal
